
Microsoft Visual Studio Solution File, Format Version 12.00
Project("{FAE04EC0-301F-11D3-BF4B-00C04F79EFBC}") = "PermutationPatterns", "PermutationPatterns\PermutationPatterns.csproj", "{5EC52FE9-A2A0-41B1-B4E1-A8051203E749}"
EndProject
Project("{FAE04EC0-301F-11D3-BF4B-00C04F79EFBC}") = "NumericalSequences", "NumericalSequences\NumericalSequences.csproj", "{8F0EB386-06B3-4B9B-9D11-A0F9931E65CE}"
EndProject
Project("{FAE04EC0-301F-11D3-BF4B-00C04F79EFBC}") = "GeneralInterfaces", "GeneralInterfaces\GeneralInterfaces.csproj", "{CD6B0881-1CB7-4FA9-8EB0-157A83F67DE1}"
EndProject
Project("{FAE04EC0-301F-11D3-BF4B-00C04F79EFBC}") = "LogicInterfaces", "LogicInterfaces\LogicInterfaces.csproj", "{037A0165-6F38-41F3-A687-E66DF0D8D0A5}"
EndProject
Project("{FAE04EC0-301F-11D3-BF4B-00C04F79EFBC}") = "NumberOperationsInterfaces", "NumberOperationsInterfaces\NumberOperationsInterfaces.csproj", "{BF98F9A0-9058-45DD-8F4E-C6743110B5C0}"
EndProject
Project("{FAE04EC0-301F-11D3-BF4B-00C04F79EFBC}") = "NumberOperationsImplementations", "NumberOperationsImplementations\NumberOperationsImplementations.csproj", "{54A19735-0D87-4728-95EB-3E5D8C2EDA2D}"
EndProject
Project("{FAE04EC0-301F-11D3-BF4B-00C04F79EFBC}") = "ExtensionMaps", "ExtensionMaps\ExtensionMaps.csproj", "{83364F56-FB73-4E56-B5FB-0621F3FA3D1D}"
EndProject
Project("{FAE04EC0-301F-11D3-BF4B-00C04F79EFBC}") = "Patterns", "Patterns\Patterns.csproj", "{C353A7A2-B66E-441E-958B-4BFA2E0EA042}"
EndProject
Project("{FAE04EC0-301F-11D3-BF4B-00C04F79EFBC}") = "PatternNode", "PatternNode\PatternNode.csproj", "{0CA4584F-9DE5-4704-AB6E-B104321488C0}"
EndProject
Project("{FAE04EC0-301F-11D3-BF4B-00C04F79EFBC}") = "BoolExtensions", "BoolExtensions\BoolExtensions.csproj", "{3EA86532-46B6-4355-BD6F-DF8A8EC2D828}"
EndProject
Project("{FAE04EC0-301F-11D3-BF4B-00C04F79EFBC}") = "ByteExtensions", "ByteExtensions\ByteExtensions.csproj", "{B9D5B91C-89D4-4691-A48C-BA93F1D22171}"
EndProject
Project("{FAE04EC0-301F-11D3-BF4B-00C04F79EFBC}") = "Result", "Result\Result.csproj", "{57756A2A-F6FA-4029-BFD2-C45D64013224}"
EndProject
Project("{FAE04EC0-301F-11D3-BF4B-00C04F79EFBC}") = "PermutationContainers", "PermutationContainers\PermutationContainers.csproj", "{BEDA8C30-FF4B-417F-9F0E-CB489090C22B}"
EndProject
Project("{FAE04EC0-301F-11D3-BF4B-00C04F79EFBC}") = "PermutationsCollections", "PermutationsCollections\PermutationsCollections.csproj", "{86B52843-055F-442C-94BD-9FBF27E6E6FF}"
EndProject
Project("{FAE04EC0-301F-11D3-BF4B-00C04F79EFBC}") = "ExtensionMapsComputations", "ExtensionMapsComputations\ExtensionMapsComputations.csproj", "{E5EBB1F8-2CD2-4B34-895E-A2B4E5C2BE51}"
EndProject
Project("{FAE04EC0-301F-11D3-BF4B-00C04F79EFBC}") = "NumberOperationsDefaults", "NumberOperationsDefaults\NumberOperationsDefaults.csproj", "{2675C87B-46DD-4C3B-AE85-046B16FDBD3E}"
EndProject
Project("{FAE04EC0-301F-11D3-BF4B-00C04F79EFBC}") = "NumericalSequencesConstruction", "NumericalSequencesConstruction\NumericalSequencesConstruction.csproj", "{08384601-7571-4C48-8A9B-ABDCBBB26B25}"
EndProject
Project("{FAE04EC0-301F-11D3-BF4B-00C04F79EFBC}") = "PermutationSuccessorsComputation", "PermutationSuccessorsComputation\PermutationSuccessorsComputation.csproj", "{C221B254-4B65-4C94-AF1A-0E9FF5729106}"
EndProject
Project("{FAE04EC0-301F-11D3-BF4B-00C04F79EFBC}") = "ResultWriter", "ResultWriter\ResultWriter.csproj", "{93E3170B-D99E-4479-9A27-454E46369ABD}"
EndProject
Project("{FAE04EC0-301F-11D3-BF4B-00C04F79EFBC}") = "InputHandling", "InputHandling\InputHandling.csproj", "{2712A4BE-017F-457E-8780-50A3122649C1}"
EndProject
Project("{FAE04EC0-301F-11D3-BF4B-00C04F79EFBC}") = "CommandAccept", "CommandAccept\CommandAccept.csproj", "{DB28B71E-A75C-4FD7-A619-949D0495352B}"
EndProject
Project("{FAE04EC0-301F-11D3-BF4B-00C04F79EFBC}") = "CommandHandlers", "CommandHandlers\CommandHandlers.csproj", "{42906F35-5A50-470C-B3BA-5F6ABA41198B}"
EndProject
Project("{FAE04EC0-301F-11D3-BF4B-00C04F79EFBC}") = "PatternAvoidersPPAComputation", "PatternAvoidersPPAComputation\PatternAvoidersPPAComputation.csproj", "{B847AE18-876F-4F8D-AAFC-5994A46BEE05}"
EndProject
Project("{FAE04EC0-301F-11D3-BF4B-00C04F79EFBC}") = "ArrayExtensions", "ArrayExtensions\ArrayExtensions.csproj", "{987920BE-E0D8-49BD-AABA-6562C1AF6E4E}"
EndProject
Global
	GlobalSection(SolutionConfigurationPlatforms) = preSolution
		Debug|Any CPU = Debug|Any CPU
		Release|Any CPU = Release|Any CPU
	EndGlobalSection
	GlobalSection(ProjectConfigurationPlatforms) = postSolution
		{5EC52FE9-A2A0-41B1-B4E1-A8051203E749}.Debug|Any CPU.ActiveCfg = Debug|Any CPU
		{5EC52FE9-A2A0-41B1-B4E1-A8051203E749}.Debug|Any CPU.Build.0 = Debug|Any CPU
		{5EC52FE9-A2A0-41B1-B4E1-A8051203E749}.Release|Any CPU.ActiveCfg = Release|Any CPU
		{5EC52FE9-A2A0-41B1-B4E1-A8051203E749}.Release|Any CPU.Build.0 = Release|Any CPU
		{8F0EB386-06B3-4B9B-9D11-A0F9931E65CE}.Debug|Any CPU.ActiveCfg = Debug|Any CPU
		{8F0EB386-06B3-4B9B-9D11-A0F9931E65CE}.Debug|Any CPU.Build.0 = Debug|Any CPU
		{8F0EB386-06B3-4B9B-9D11-A0F9931E65CE}.Release|Any CPU.ActiveCfg = Release|Any CPU
		{8F0EB386-06B3-4B9B-9D11-A0F9931E65CE}.Release|Any CPU.Build.0 = Release|Any CPU
		{CD6B0881-1CB7-4FA9-8EB0-157A83F67DE1}.Debug|Any CPU.ActiveCfg = Debug|Any CPU
		{CD6B0881-1CB7-4FA9-8EB0-157A83F67DE1}.Debug|Any CPU.Build.0 = Debug|Any CPU
		{CD6B0881-1CB7-4FA9-8EB0-157A83F67DE1}.Release|Any CPU.ActiveCfg = Release|Any CPU
		{CD6B0881-1CB7-4FA9-8EB0-157A83F67DE1}.Release|Any CPU.Build.0 = Release|Any CPU
		{037A0165-6F38-41F3-A687-E66DF0D8D0A5}.Debug|Any CPU.ActiveCfg = Debug|Any CPU
		{037A0165-6F38-41F3-A687-E66DF0D8D0A5}.Debug|Any CPU.Build.0 = Debug|Any CPU
		{037A0165-6F38-41F3-A687-E66DF0D8D0A5}.Release|Any CPU.ActiveCfg = Release|Any CPU
		{037A0165-6F38-41F3-A687-E66DF0D8D0A5}.Release|Any CPU.Build.0 = Release|Any CPU
		{BF98F9A0-9058-45DD-8F4E-C6743110B5C0}.Debug|Any CPU.ActiveCfg = Debug|Any CPU
		{BF98F9A0-9058-45DD-8F4E-C6743110B5C0}.Debug|Any CPU.Build.0 = Debug|Any CPU
		{BF98F9A0-9058-45DD-8F4E-C6743110B5C0}.Release|Any CPU.ActiveCfg = Release|Any CPU
		{BF98F9A0-9058-45DD-8F4E-C6743110B5C0}.Release|Any CPU.Build.0 = Release|Any CPU
		{54A19735-0D87-4728-95EB-3E5D8C2EDA2D}.Debug|Any CPU.ActiveCfg = Debug|Any CPU
		{54A19735-0D87-4728-95EB-3E5D8C2EDA2D}.Debug|Any CPU.Build.0 = Debug|Any CPU
		{54A19735-0D87-4728-95EB-3E5D8C2EDA2D}.Release|Any CPU.ActiveCfg = Release|Any CPU
		{54A19735-0D87-4728-95EB-3E5D8C2EDA2D}.Release|Any CPU.Build.0 = Release|Any CPU
		{83364F56-FB73-4E56-B5FB-0621F3FA3D1D}.Debug|Any CPU.ActiveCfg = Debug|Any CPU
		{83364F56-FB73-4E56-B5FB-0621F3FA3D1D}.Debug|Any CPU.Build.0 = Debug|Any CPU
		{83364F56-FB73-4E56-B5FB-0621F3FA3D1D}.Release|Any CPU.ActiveCfg = Release|Any CPU
		{83364F56-FB73-4E56-B5FB-0621F3FA3D1D}.Release|Any CPU.Build.0 = Release|Any CPU
		{C353A7A2-B66E-441E-958B-4BFA2E0EA042}.Debug|Any CPU.ActiveCfg = Debug|Any CPU
		{C353A7A2-B66E-441E-958B-4BFA2E0EA042}.Debug|Any CPU.Build.0 = Debug|Any CPU
		{C353A7A2-B66E-441E-958B-4BFA2E0EA042}.Release|Any CPU.ActiveCfg = Release|Any CPU
		{C353A7A2-B66E-441E-958B-4BFA2E0EA042}.Release|Any CPU.Build.0 = Release|Any CPU
		{0CA4584F-9DE5-4704-AB6E-B104321488C0}.Debug|Any CPU.ActiveCfg = Debug|Any CPU
		{0CA4584F-9DE5-4704-AB6E-B104321488C0}.Debug|Any CPU.Build.0 = Debug|Any CPU
		{0CA4584F-9DE5-4704-AB6E-B104321488C0}.Release|Any CPU.ActiveCfg = Release|Any CPU
		{0CA4584F-9DE5-4704-AB6E-B104321488C0}.Release|Any CPU.Build.0 = Release|Any CPU
		{3EA86532-46B6-4355-BD6F-DF8A8EC2D828}.Debug|Any CPU.ActiveCfg = Debug|Any CPU
		{3EA86532-46B6-4355-BD6F-DF8A8EC2D828}.Debug|Any CPU.Build.0 = Debug|Any CPU
		{3EA86532-46B6-4355-BD6F-DF8A8EC2D828}.Release|Any CPU.ActiveCfg = Release|Any CPU
		{3EA86532-46B6-4355-BD6F-DF8A8EC2D828}.Release|Any CPU.Build.0 = Release|Any CPU
		{B9D5B91C-89D4-4691-A48C-BA93F1D22171}.Debug|Any CPU.ActiveCfg = Debug|Any CPU
		{B9D5B91C-89D4-4691-A48C-BA93F1D22171}.Debug|Any CPU.Build.0 = Debug|Any CPU
		{B9D5B91C-89D4-4691-A48C-BA93F1D22171}.Release|Any CPU.ActiveCfg = Release|Any CPU
		{B9D5B91C-89D4-4691-A48C-BA93F1D22171}.Release|Any CPU.Build.0 = Release|Any CPU
		{57756A2A-F6FA-4029-BFD2-C45D64013224}.Debug|Any CPU.ActiveCfg = Debug|Any CPU
		{57756A2A-F6FA-4029-BFD2-C45D64013224}.Debug|Any CPU.Build.0 = Debug|Any CPU
		{57756A2A-F6FA-4029-BFD2-C45D64013224}.Release|Any CPU.ActiveCfg = Release|Any CPU
		{57756A2A-F6FA-4029-BFD2-C45D64013224}.Release|Any CPU.Build.0 = Release|Any CPU
		{BEDA8C30-FF4B-417F-9F0E-CB489090C22B}.Debug|Any CPU.ActiveCfg = Debug|Any CPU
		{BEDA8C30-FF4B-417F-9F0E-CB489090C22B}.Debug|Any CPU.Build.0 = Debug|Any CPU
		{BEDA8C30-FF4B-417F-9F0E-CB489090C22B}.Release|Any CPU.ActiveCfg = Release|Any CPU
		{BEDA8C30-FF4B-417F-9F0E-CB489090C22B}.Release|Any CPU.Build.0 = Release|Any CPU
		{86B52843-055F-442C-94BD-9FBF27E6E6FF}.Debug|Any CPU.ActiveCfg = Debug|Any CPU
		{86B52843-055F-442C-94BD-9FBF27E6E6FF}.Debug|Any CPU.Build.0 = Debug|Any CPU
		{86B52843-055F-442C-94BD-9FBF27E6E6FF}.Release|Any CPU.ActiveCfg = Release|Any CPU
		{86B52843-055F-442C-94BD-9FBF27E6E6FF}.Release|Any CPU.Build.0 = Release|Any CPU
		{E5EBB1F8-2CD2-4B34-895E-A2B4E5C2BE51}.Debug|Any CPU.ActiveCfg = Debug|Any CPU
		{E5EBB1F8-2CD2-4B34-895E-A2B4E5C2BE51}.Debug|Any CPU.Build.0 = Debug|Any CPU
		{E5EBB1F8-2CD2-4B34-895E-A2B4E5C2BE51}.Release|Any CPU.ActiveCfg = Release|Any CPU
		{E5EBB1F8-2CD2-4B34-895E-A2B4E5C2BE51}.Release|Any CPU.Build.0 = Release|Any CPU
		{2675C87B-46DD-4C3B-AE85-046B16FDBD3E}.Debug|Any CPU.ActiveCfg = Debug|Any CPU
		{2675C87B-46DD-4C3B-AE85-046B16FDBD3E}.Debug|Any CPU.Build.0 = Debug|Any CPU
		{2675C87B-46DD-4C3B-AE85-046B16FDBD3E}.Release|Any CPU.ActiveCfg = Release|Any CPU
		{2675C87B-46DD-4C3B-AE85-046B16FDBD3E}.Release|Any CPU.Build.0 = Release|Any CPU
		{08384601-7571-4C48-8A9B-ABDCBBB26B25}.Debug|Any CPU.ActiveCfg = Debug|Any CPU
		{08384601-7571-4C48-8A9B-ABDCBBB26B25}.Debug|Any CPU.Build.0 = Debug|Any CPU
		{08384601-7571-4C48-8A9B-ABDCBBB26B25}.Release|Any CPU.ActiveCfg = Release|Any CPU
		{08384601-7571-4C48-8A9B-ABDCBBB26B25}.Release|Any CPU.Build.0 = Release|Any CPU
		{C221B254-4B65-4C94-AF1A-0E9FF5729106}.Debug|Any CPU.ActiveCfg = Debug|Any CPU
		{C221B254-4B65-4C94-AF1A-0E9FF5729106}.Debug|Any CPU.Build.0 = Debug|Any CPU
		{C221B254-4B65-4C94-AF1A-0E9FF5729106}.Release|Any CPU.ActiveCfg = Release|Any CPU
		{C221B254-4B65-4C94-AF1A-0E9FF5729106}.Release|Any CPU.Build.0 = Release|Any CPU
		{93E3170B-D99E-4479-9A27-454E46369ABD}.Debug|Any CPU.ActiveCfg = Debug|Any CPU
		{93E3170B-D99E-4479-9A27-454E46369ABD}.Debug|Any CPU.Build.0 = Debug|Any CPU
		{93E3170B-D99E-4479-9A27-454E46369ABD}.Release|Any CPU.ActiveCfg = Release|Any CPU
		{93E3170B-D99E-4479-9A27-454E46369ABD}.Release|Any CPU.Build.0 = Release|Any CPU
		{2712A4BE-017F-457E-8780-50A3122649C1}.Debug|Any CPU.ActiveCfg = Debug|Any CPU
		{2712A4BE-017F-457E-8780-50A3122649C1}.Debug|Any CPU.Build.0 = Debug|Any CPU
		{2712A4BE-017F-457E-8780-50A3122649C1}.Release|Any CPU.ActiveCfg = Release|Any CPU
		{2712A4BE-017F-457E-8780-50A3122649C1}.Release|Any CPU.Build.0 = Release|Any CPU
		{DB28B71E-A75C-4FD7-A619-949D0495352B}.Debug|Any CPU.ActiveCfg = Debug|Any CPU
		{DB28B71E-A75C-4FD7-A619-949D0495352B}.Debug|Any CPU.Build.0 = Debug|Any CPU
		{DB28B71E-A75C-4FD7-A619-949D0495352B}.Release|Any CPU.ActiveCfg = Release|Any CPU
		{DB28B71E-A75C-4FD7-A619-949D0495352B}.Release|Any CPU.Build.0 = Release|Any CPU
		{42906F35-5A50-470C-B3BA-5F6ABA41198B}.Debug|Any CPU.ActiveCfg = Debug|Any CPU
		{42906F35-5A50-470C-B3BA-5F6ABA41198B}.Debug|Any CPU.Build.0 = Debug|Any CPU
		{42906F35-5A50-470C-B3BA-5F6ABA41198B}.Release|Any CPU.ActiveCfg = Release|Any CPU
		{42906F35-5A50-470C-B3BA-5F6ABA41198B}.Release|Any CPU.Build.0 = Release|Any CPU
		{B847AE18-876F-4F8D-AAFC-5994A46BEE05}.Debug|Any CPU.ActiveCfg = Debug|Any CPU
		{B847AE18-876F-4F8D-AAFC-5994A46BEE05}.Debug|Any CPU.Build.0 = Debug|Any CPU
		{B847AE18-876F-4F8D-AAFC-5994A46BEE05}.Release|Any CPU.ActiveCfg = Release|Any CPU
		{B847AE18-876F-4F8D-AAFC-5994A46BEE05}.Release|Any CPU.Build.0 = Release|Any CPU
		{987920BE-E0D8-49BD-AABA-6562C1AF6E4E}.Debug|Any CPU.ActiveCfg = Debug|Any CPU
		{987920BE-E0D8-49BD-AABA-6562C1AF6E4E}.Debug|Any CPU.Build.0 = Debug|Any CPU
		{987920BE-E0D8-49BD-AABA-6562C1AF6E4E}.Release|Any CPU.ActiveCfg = Release|Any CPU
		{987920BE-E0D8-49BD-AABA-6562C1AF6E4E}.Release|Any CPU.Build.0 = Release|Any CPU
	EndGlobalSection
EndGlobal
